// !$*UTF8*$!
{
	archiveVersion = 1;
	classes = {
	};
	objectVersion = 46;
	objects = {

/* Begin PBXBuildFile section */
		13F9E26774126CF7C8D680C3 /* Pods_iDev_Business_Viewer.framework in Frameworks */ = {isa = PBXBuildFile; fileRef = D070EFED36D9C1283BDF4E34 /* Pods_iDev_Business_Viewer.framework */; };
		7E6768871E27130D007FA5B8 /* AppDelegate.swift in Sources */ = {isa = PBXBuildFile; fileRef = 7E6768861E27130D007FA5B8 /* AppDelegate.swift */; };
		7E6768891E27130D007FA5B8 /* ViewController.swift in Sources */ = {isa = PBXBuildFile; fileRef = 7E6768881E27130D007FA5B8 /* ViewController.swift */; };
		7E67688C1E27130D007FA5B8 /* Main.storyboard in Resources */ = {isa = PBXBuildFile; fileRef = 7E67688A1E27130D007FA5B8 /* Main.storyboard */; };
		7E67688E1E27130D007FA5B8 /* Assets.xcassets in Resources */ = {isa = PBXBuildFile; fileRef = 7E67688D1E27130D007FA5B8 /* Assets.xcassets */; };
		7E6768911E27130D007FA5B8 /* LaunchScreen.storyboard in Resources */ = {isa = PBXBuildFile; fileRef = 7E67688F1E27130D007FA5B8 /* LaunchScreen.storyboard */; };
/* End PBXBuildFile section */

/* Begin PBXFileReference section */
		7E6768831E27130D007FA5B8 /* iDev Business Viewer.app */ = {isa = PBXFileReference; explicitFileType = wrapper.application; includeInIndex = 0; path = "iDev Business Viewer.app"; sourceTree = BUILT_PRODUCTS_DIR; };
		7E6768861E27130D007FA5B8 /* AppDelegate.swift */ = {isa = PBXFileReference; lastKnownFileType = sourcecode.swift; path = AppDelegate.swift; sourceTree = "<group>"; };
		7E6768881E27130D007FA5B8 /* ViewController.swift */ = {isa = PBXFileReference; lastKnownFileType = sourcecode.swift; path = ViewController.swift; sourceTree = "<group>"; };
		7E67688B1E27130D007FA5B8 /* Base */ = {isa = PBXFileReference; lastKnownFileType = file.storyboard; name = Base; path = Base.lproj/Main.storyboard; sourceTree = "<group>"; };
		7E67688D1E27130D007FA5B8 /* Assets.xcassets */ = {isa = PBXFileReference; lastKnownFileType = folder.assetcatalog; path = Assets.xcassets; sourceTree = "<group>"; };
		7E6768901E27130D007FA5B8 /* Base */ = {isa = PBXFileReference; lastKnownFileType = file.storyboard; name = Base; path = Base.lproj/LaunchScreen.storyboard; sourceTree = "<group>"; };
		7E6768921E27130D007FA5B8 /* Info.plist */ = {isa = PBXFileReference; lastKnownFileType = text.plist.xml; path = Info.plist; sourceTree = "<group>"; };
		8CF1654AF0DBA690CD3801B3 /* Pods-iDev Business Viewer.debug.xcconfig */ = {isa = PBXFileReference; includeInIndex = 1; lastKnownFileType = text.xcconfig; name = "Pods-iDev Business Viewer.debug.xcconfig"; path = "Pods/Target Support Files/Pods-iDev Business Viewer/Pods-iDev Business Viewer.debug.xcconfig"; sourceTree = "<group>"; };
		D070EFED36D9C1283BDF4E34 /* Pods_iDev_Business_Viewer.framework */ = {isa = PBXFileReference; explicitFileType = wrapper.framework; includeInIndex = 0; path = Pods_iDev_Business_Viewer.framework; sourceTree = BUILT_PRODUCTS_DIR; };
		F9EF04B506B080A14F915762 /* Pods-iDev Business Viewer.release.xcconfig */ = {isa = PBXFileReference; includeInIndex = 1; lastKnownFileType = text.xcconfig; name = "Pods-iDev Business Viewer.release.xcconfig"; path = "Pods/Target Support Files/Pods-iDev Business Viewer/Pods-iDev Business Viewer.release.xcconfig"; sourceTree = "<group>"; };
/* End PBXFileReference section */

/* Begin PBXFrameworksBuildPhase section */
		7E6768801E27130D007FA5B8 /* Frameworks */ = {
			isa = PBXFrameworksBuildPhase;
			buildActionMask = 2147483647;
			files = (
				13F9E26774126CF7C8D680C3 /* Pods_iDev_Business_Viewer.framework in Frameworks */,
			);
			runOnlyForDeploymentPostprocessing = 0;
		};
/* End PBXFrameworksBuildPhase section */

/* Begin PBXGroup section */
		4193A1CDB19D84301006E117 /* Pods */ = {
			isa = PBXGroup;
			children = (
				8CF1654AF0DBA690CD3801B3 /* Pods-iDev Business Viewer.debug.xcconfig */,
				F9EF04B506B080A14F915762 /* Pods-iDev Business Viewer.release.xcconfig */,
			);
			name = Pods;
			sourceTree = "<group>";
		};
		7E67687A1E27130D007FA5B8 = {
			isa = PBXGroup;
			children = (
				7E6768851E27130D007FA5B8 /* iDev Business Viewer */,
				7E6768841E27130D007FA5B8 /* Products */,
				4193A1CDB19D84301006E117 /* Pods */,
				B5CEE09C9D89B34F4FB2FD90 /* Frameworks */,
			);
			sourceTree = "<group>";
		};
		7E6768841E27130D007FA5B8 /* Products */ = {
			isa = PBXGroup;
			children = (
				7E6768831E27130D007FA5B8 /* iDev Business Viewer.app */,
			);
			name = Products;
			sourceTree = "<group>";
		};
		7E6768851E27130D007FA5B8 /* iDev Business Viewer */ = {
			isa = PBXGroup;
			children = (
				7E6768861E27130D007FA5B8 /* AppDelegate.swift */,
				7E6768881E27130D007FA5B8 /* ViewController.swift */,
				7E67688A1E27130D007FA5B8 /* Main.storyboard */,
				7E67688D1E27130D007FA5B8 /* Assets.xcassets */,
				7E67688F1E27130D007FA5B8 /* LaunchScreen.storyboard */,
				7E6768921E27130D007FA5B8 /* Info.plist */,
			);
			path = "iDev Business Viewer";
			sourceTree = "<group>";
		};
		B5CEE09C9D89B34F4FB2FD90 /* Frameworks */ = {
			isa = PBXGroup;
			children = (
				D070EFED36D9C1283BDF4E34 /* Pods_iDev_Business_Viewer.framework */,
			);
			name = Frameworks;
			sourceTree = "<group>";
		};
/* End PBXGroup section */

/* Begin PBXNativeTarget section */
		7E6768821E27130D007FA5B8 /* iDev Business Viewer */ = {
			isa = PBXNativeTarget;
			buildConfigurationList = 7E6768951E27130D007FA5B8 /* Build configuration list for PBXNativeTarget "iDev Business Viewer" */;
			buildPhases = (
				DD89B93D450F5A21C606F819 /* [CP] Check Pods Manifest.lock */,
				7E67687F1E27130D007FA5B8 /* Sources */,
				7E6768801E27130D007FA5B8 /* Frameworks */,
				7E6768811E27130D007FA5B8 /* Resources */,
				070675CCED35F52156CBBE91 /* [CP] Embed Pods Frameworks */,
				AC9BE8C4CB1D159794E6FB8F /* [CP] Copy Pods Resources */,
			);
			buildRules = (
			);
			dependencies = (
			);
			name = "iDev Business Viewer";
			productName = "iDev Business Viewer";
			productReference = 7E6768831E27130D007FA5B8 /* iDev Business Viewer.app */;
			productType = "com.apple.product-type.application";
		};
/* End PBXNativeTarget section */

/* Begin PBXProject section */
		7E67687B1E27130D007FA5B8 /* Project object */ = {
			isa = PBXProject;
			attributes = {
				LastSwiftUpdateCheck = 0820;
				LastUpgradeCheck = 0820;
				ORGANIZATIONNAME = "Cameron Glass";
				TargetAttributes = {
					7E6768821E27130D007FA5B8 = {
						CreatedOnToolsVersion = 8.2.1;
						ProvisioningStyle = Automatic;
					};
				};
			};
			buildConfigurationList = 7E67687E1E27130D007FA5B8 /* Build configuration list for PBXProject "iDev Business Viewer" */;
			compatibilityVersion = "Xcode 3.2";
			developmentRegion = English;
			hasScannedForEncodings = 0;
			knownRegions = (
				en,
				Base,
			);
			mainGroup = 7E67687A1E27130D007FA5B8;
			productRefGroup = 7E6768841E27130D007FA5B8 /* Products */;
			projectDirPath = "";
			projectRoot = "";
			targets = (
				7E6768821E27130D007FA5B8 /* iDev Business Viewer */,
			);
		};
/* End PBXProject section */

/* Begin PBXResourcesBuildPhase section */
		7E6768811E27130D007FA5B8 /* Resources */ = {
			isa = PBXResourcesBuildPhase;
			buildActionMask = 2147483647;
			files = (
				7E6768911E27130D007FA5B8 /* LaunchScreen.storyboard in Resources */,
				7E67688E1E27130D007FA5B8 /* Assets.xcassets in Resources */,
				7E67688C1E27130D007FA5B8 /* Main.storyboard in Resources */,
			);
			runOnlyForDeploymentPostprocessing = 0;
		};
/* End PBXResourcesBuildPhase section */

/* Begin PBXShellScriptBuildPhase section */
		070675CCED35F52156CBBE91 /* [CP] Embed Pods Frameworks */ = {
			isa = PBXShellScriptBuildPhase;
			buildActionMask = 2147483647;
			files = (
			);
			inputPaths = (
			);
			name = "[CP] Embed Pods Frameworks";
			outputPaths = (
			);
			runOnlyForDeploymentPostprocessing = 0;
			shellPath = /bin/sh;
			shellScript = "\"${SRCROOT}/Pods/Target Support Files/Pods-iDev Business Viewer/Pods-iDev Business Viewer-frameworks.sh\"\n";
			showEnvVarsInLog = 0;
		};
		AC9BE8C4CB1D159794E6FB8F /* [CP] Copy Pods Resources */ = {
			isa = PBXShellScriptBuildPhase;
			buildActionMask = 2147483647;
			files = (
			);
			inputPaths = (
			);
			name = "[CP] Copy Pods Resources";
			outputPaths = (
			);
			runOnlyForDeploymentPostprocessing = 0;
			shellPath = /bin/sh;
			shellScript = "\"${SRCROOT}/Pods/Target Support Files/Pods-iDev Business Viewer/Pods-iDev Business Viewer-resources.sh\"\n";
			showEnvVarsInLog = 0;
		};
		DD89B93D450F5A21C606F819 /* [CP] Check Pods Manifest.lock */ = {
			isa = PBXShellScriptBuildPhase;
			buildActionMask = 2147483647;
			files = (
			);
			inputPaths = (
			);
			name = "[CP] Check Pods Manifest.lock";
			outputPaths = (
			);
			runOnlyForDeploymentPostprocessing = 0;
			shellPath = /bin/sh;
			shellScript = "diff \"${PODS_ROOT}/../Podfile.lock\" \"${PODS_ROOT}/Manifest.lock\" > /dev/null\nif [ $? != 0 ] ; then\n    # print error to STDERR\n    echo \"error: The sandbox is not in sync with the Podfile.lock. Run 'pod install' or update your CocoaPods installation.\" >&2\n    exit 1\nfi\n";
			showEnvVarsInLog = 0;
		};
/* End PBXShellScriptBuildPhase section */

/* Begin PBXSourcesBuildPhase section */
		7E67687F1E27130D007FA5B8 /* Sources */ = {
			isa = PBXSourcesBuildPhase;
			buildActionMask = 2147483647;
			files = (
				7E6768891E27130D007FA5B8 /* ViewController.swift in Sources */,
				7E6768871E27130D007FA5B8 /* AppDelegate.swift in Sources */,
			);
			runOnlyForDeploymentPostprocessing = 0;
		};
/* End PBXSourcesBuildPhase section */

/* Begin PBXVariantGroup section */
		7E67688A1E27130D007FA5B8 /* Main.storyboard */ = {
			isa = PBXVariantGroup;
			children = (
				7E67688B1E27130D007FA5B8 /* Base */,
			);
			name = Main.storyboard;
			sourceTree = "<group>";
		};
		7E67688F1E27130D007FA5B8 /* LaunchScreen.storyboard */ = {
			isa = PBXVariantGroup;
			children = (
				7E6768901E27130D007FA5B8 /* Base */,
			);
			name = LaunchScreen.storyboard;
			sourceTree = "<group>";
		};
/* End PBXVariantGroup section */

/* Begin XCBuildConfiguration section */
		7E6768931E27130D007FA5B8 /* Debug */ = {
			isa = XCBuildConfiguration;
			buildSettings = {
				ALWAYS_SEARCH_USER_PATHS = NO;
				CLANG_ANALYZER_NONNULL = YES;
				CLANG_CXX_LANGUAGE_STANDARD = "gnu++0x";
				CLANG_CXX_LIBRARY = "libc++";
				CLANG_ENABLE_MODULES = YES;
				CLANG_ENABLE_OBJC_ARC = YES;
				CLANG_WARN_BOOL_CONVERSION = YES;
				CLANG_WARN_CONSTANT_CONVERSION = YES;
				CLANG_WARN_DIRECT_OBJC_ISA_USAGE = YES_ERROR;
				CLANG_WARN_DOCUMENTATION_COMMENTS = YES;
				CLANG_WARN_EMPTY_BODY = YES;
				CLANG_WARN_ENUM_CONVERSION = YES;
				CLANG_WARN_INFINITE_RECURSION = YES;
				CLANG_WARN_INT_CONVERSION = YES;
				CLANG_WARN_OBJC_ROOT_CLASS = YES_ERROR;
				CLANG_WARN_SUSPICIOUS_MOVE = YES;
				CLANG_WARN_UNREACHABLE_CODE = YES;
				CLANG_WARN__DUPLICATE_METHOD_MATCH = YES;
				"CODE_SIGN_IDENTITY[sdk=iphoneos*]" = "iPhone Developer";
				COPY_PHASE_STRIP = NO;
				DEBUG_INFORMATION_FORMAT = dwarf;
				ENABLE_STRICT_OBJC_MSGSEND = YES;
				ENABLE_TESTABILITY = YES;
				GCC_C_LANGUAGE_STANDARD = gnu99;
				GCC_DYNAMIC_NO_PIC = NO;
				GCC_NO_COMMON_BLOCKS = YES;
				GCC_OPTIMIZATION_LEVEL = 0;
				GCC_PREPROCESSOR_DEFINITIONS = (
					"DEBUG=1",
					"$(inherited)",
				);
				GCC_WARN_64_TO_32_BIT_CONVERSION = YES;
				GCC_WARN_ABOUT_RETURN_TYPE = YES_ERROR;
				GCC_WARN_UNDECLARED_SELECTOR = YES;
				GCC_WARN_UNINITIALIZED_AUTOS = YES_AGGRESSIVE;
				GCC_WARN_UNUSED_FUNCTION = YES;
				GCC_WARN_UNUSED_VARIABLE = YES;
				IPHONEOS_DEPLOYMENT_TARGET = 10.2;
				MTL_ENABLE_DEBUG_INFO = YES;
				ONLY_ACTIVE_ARCH = YES;
				SDKROOT = iphoneos;
				SWIFT_ACTIVE_COMPILATION_CONDITIONS = DEBUG;
				SWIFT_OPTIMIZATION_LEVEL = "-Onone";
			};
			name = Debug;
		};
		7E6768941E27130D007FA5B8 /* Release */ = {
			isa = XCBuildConfiguration;
			buildSettings = {
				ALWAYS_SEARCH_USER_PATHS = NO;
				CLANG_ANALYZER_NONNULL = YES;
				CLANG_CXX_LANGUAGE_STANDARD = "gnu++0x";
				CLANG_CXX_LIBRARY = "libc++";
				CLANG_ENABLE_MODULES = YES;
				CLANG_ENABLE_OBJC_ARC = YES;
				CLANG_WARN_BOOL_CONVERSION = YES;
				CLANG_WARN_CONSTANT_CONVERSION = YES;
				CLANG_WARN_DIRECT_OBJC_ISA_USAGE = YES_ERROR;
				CLANG_WARN_DOCUMENTATION_COMMENTS = YES;
				CLANG_WARN_EMPTY_BODY = YES;
				CLANG_WARN_ENUM_CONVERSION = YES;
				CLANG_WARN_INFINITE_RECURSION = YES;
				CLANG_WARN_INT_CONVERSION = YES;
				CLANG_WARN_OBJC_ROOT_CLASS = YES_ERROR;
				CLANG_WARN_SUSPICIOUS_MOVE = YES;
				CLANG_WARN_UNREACHABLE_CODE = YES;
				CLANG_WARN__DUPLICATE_METHOD_MATCH = YES;
				"CODE_SIGN_IDENTITY[sdk=iphoneos*]" = "iPhone Developer";
				COPY_PHASE_STRIP = NO;
				DEBUG_INFORMATION_FORMAT = "dwarf-with-dsym";
				ENABLE_NS_ASSERTIONS = NO;
				ENABLE_STRICT_OBJC_MSGSEND = YES;
				GCC_C_LANGUAGE_STANDARD = gnu99;
				GCC_NO_COMMON_BLOCKS = YES;
				GCC_WARN_64_TO_32_BIT_CONVERSION = YES;
				GCC_WARN_ABOUT_RETURN_TYPE = YES_ERROR;
				GCC_WARN_UNDECLARED_SELECTOR = YES;
				GCC_WARN_UNINITIALIZED_AUTOS = YES_AGGRESSIVE;
				GCC_WARN_UNUSED_FUNCTION = YES;
				GCC_WARN_UNUSED_VARIABLE = YES;
				IPHONEOS_DEPLOYMENT_TARGET = 10.2;
				MTL_ENABLE_DEBUG_INFO = NO;
				SDKROOT = iphoneos;
				SWIFT_OPTIMIZATION_LEVEL = "-Owholemodule";
				VALIDATE_PRODUCT = YES;
			};
			name = Release;
		};
		7E6768961E27130D007FA5B8 /* Debug */ = {
			isa = XCBuildConfiguration;
			baseConfigurationReference = 8CF1654AF0DBA690CD3801B3 /* Pods-iDev Business Viewer.debug.xcconfig */;
			buildSettings = {
				ASSETCATALOG_COMPILER_APPICON_NAME = AppIcon;
				INFOPLIST_FILE = "iDev Business Viewer/Info.plist";
				LD_RUNPATH_SEARCH_PATHS = "$(inherited) @executable_path/Frameworks";
				PRODUCT_BUNDLE_IDENTIFIER = "com.cameronglass.iDev-Business-Viewer";
				PRODUCT_NAME = "$(TARGET_NAME)";
				SWIFT_VERSION = 3.0;
			};
			name = Debug;
		};
		7E6768971E27130D007FA5B8 /* Release */ = {
			isa = XCBuildConfiguration;
			baseConfigurationReference = F9EF04B506B080A14F915762 /* Pods-iDev Business Viewer.release.xcconfig */;
			buildSettings = {
				ASSETCATALOG_COMPILER_APPICON_NAME = AppIcon;
				INFOPLIST_FILE = "iDev Business Viewer/Info.plist";
				LD_RUNPATH_SEARCH_PATHS = "$(inherited) @executable_path/Frameworks";
				PRODUCT_BUNDLE_IDENTIFIER = "com.cameronglass.iDev-Business-Viewer";
				PRODUCT_NAME = "$(TARGET_NAME)";
				SWIFT_VERSION = 3.0;
			};
			name = Release;
		};
/* End XCBuildConfiguration section */

/* Begin XCConfigurationList section */
		7E67687E1E27130D007FA5B8 /* Build configuration list for PBXProject "iDev Business Viewer" */ = {
			isa = XCConfigurationList;
			buildConfigurations = (
				7E6768931E27130D007FA5B8 /* Debug */,
				7E6768941E27130D007FA5B8 /* Release */,
			);
			defaultConfigurationIsVisible = 0;
			defaultConfigurationName = Release;
		};
		7E6768951E27130D007FA5B8 /* Build configuration list for PBXNativeTarget "iDev Business Viewer" */ = {
			isa = XCConfigurationList;
			buildConfigurations = (
				7E6768961E27130D007FA5B8 /* Debug */,
				7E6768971E27130D007FA5B8 /* Release */,
			);
			defaultConfigurationIsVisible = 0;
		};
/* End XCConfigurationList section */
	};
	rootObject = 7E67687B1E27130D007FA5B8 /* Project object */;
}
